
Microsoft Visual Studio Solution File, Format Version 12.00
# Visual Studio Version 16
VisualStudioVersion = 16.0.29920.165
MinimumVisualStudioVersion = 10.0.40219.1
Project("{FAE04EC0-301F-11D3-BF4B-00C04F79EFBC}") = "RealtimeUsage.Domain", "RealtimeUsage.Domain\RealtimeUsage.Domain.csproj", "{926FC246-5CFE-48A7-AEF2-4A7D22263C81}"
EndProject
Project("{FAE04EC0-301F-11D3-BF4B-00C04F79EFBC}") = "RealtimeUsage.Repository", "RealtimeUsage.Repository\RealtimeUsage.Repository.csproj", "{364F08B0-3A5A-4074-845E-1AFA4459002A}"
EndProject
Project("{FAE04EC0-301F-11D3-BF4B-00C04F79EFBC}") = "RealtimeUsage.Application", "RealtimeUsage.Application\RealtimeUsage.Application.csproj", "{3CEDCD2D-A705-40F7-A9BC-A308D0C5B0B6}"
EndProject
Project("{FAE04EC0-301F-11D3-BF4B-00C04F79EFBC}") = "ConsoleSocketClient", "ConsoleSocketClient\ConsoleSocketClient.csproj", "{CA270830-56C0-45DE-A979-F4ACAC7E06A2}"
EndProject
Project("{FAE04EC0-301F-11D3-BF4B-00C04F79EFBC}") = "ConsoleSocketServer", "ConsoleSocketServer\ConsoleSocketServer.csproj", "{6087C3B6-735C-4F4D-B7F3-E078C54AE486}"
EndProject
Global
	GlobalSection(SolutionConfigurationPlatforms) = preSolution
		Debug|Any CPU = Debug|Any CPU
		Release|Any CPU = Release|Any CPU
	EndGlobalSection
	GlobalSection(ProjectConfigurationPlatforms) = postSolution
		{926FC246-5CFE-48A7-AEF2-4A7D22263C81}.Debug|Any CPU.ActiveCfg = Debug|Any CPU
		{926FC246-5CFE-48A7-AEF2-4A7D22263C81}.Debug|Any CPU.Build.0 = Debug|Any CPU
		{926FC246-5CFE-48A7-AEF2-4A7D22263C81}.Release|Any CPU.ActiveCfg = Release|Any CPU
		{926FC246-5CFE-48A7-AEF2-4A7D22263C81}.Release|Any CPU.Build.0 = Release|Any CPU
		{364F08B0-3A5A-4074-845E-1AFA4459002A}.Debug|Any CPU.ActiveCfg = Debug|Any CPU
		{364F08B0-3A5A-4074-845E-1AFA4459002A}.Debug|Any CPU.Build.0 = Debug|Any CPU
		{364F08B0-3A5A-4074-845E-1AFA4459002A}.Release|Any CPU.ActiveCfg = Release|Any CPU
		{364F08B0-3A5A-4074-845E-1AFA4459002A}.Release|Any CPU.Build.0 = Release|Any CPU
		{3CEDCD2D-A705-40F7-A9BC-A308D0C5B0B6}.Debug|Any CPU.ActiveCfg = Debug|Any CPU
		{3CEDCD2D-A705-40F7-A9BC-A308D0C5B0B6}.Debug|Any CPU.Build.0 = Debug|Any CPU
		{3CEDCD2D-A705-40F7-A9BC-A308D0C5B0B6}.Release|Any CPU.ActiveCfg = Release|Any CPU
		{3CEDCD2D-A705-40F7-A9BC-A308D0C5B0B6}.Release|Any CPU.Build.0 = Release|Any CPU
		{CA270830-56C0-45DE-A979-F4ACAC7E06A2}.Debug|Any CPU.ActiveCfg = Debug|Any CPU
		{CA270830-56C0-45DE-A979-F4ACAC7E06A2}.Debug|Any CPU.Build.0 = Debug|Any CPU
		{CA270830-56C0-45DE-A979-F4ACAC7E06A2}.Release|Any CPU.ActiveCfg = Release|Any CPU
		{CA270830-56C0-45DE-A979-F4ACAC7E06A2}.Release|Any CPU.Build.0 = Release|Any CPU
		{6087C3B6-735C-4F4D-B7F3-E078C54AE486}.Debug|Any CPU.ActiveCfg = Debug|Any CPU
		{6087C3B6-735C-4F4D-B7F3-E078C54AE486}.Debug|Any CPU.Build.0 = Debug|Any CPU
		{6087C3B6-735C-4F4D-B7F3-E078C54AE486}.Release|Any CPU.ActiveCfg = Release|Any CPU
		{6087C3B6-735C-4F4D-B7F3-E078C54AE486}.Release|Any CPU.Build.0 = Release|Any CPU
	EndGlobalSection
	GlobalSection(SolutionProperties) = preSolution
		HideSolutionNode = FALSE
	EndGlobalSection
	GlobalSection(ExtensibilityGlobals) = postSolution
		SolutionGuid = {5899F17D-9627-4C5E-851E-11C1D0321DFD}
	EndGlobalSection
EndGlobal
